# This file is generated by running "yarn install" inside your project.
# Manual changes might be lost - proceed with caution!

__metadata:
  version: 5
  cacheKey: 8

"@types/node@npm:^17.0.23":
  version: 17.0.23
  resolution: "@types/node@npm:17.0.23"
  checksum: a3517554737cbb042e76c30d0e5482192ac4d9bea0eeb086e2622d9cabf460a0eb52a696b99fcd18e7fcc93c96db6cc7ae507f6608f256ef0b5c1d8c87a5a470
  languageName: node
  linkType: hard

"morada@workspace:.":
  version: 0.0.0-use.local
  resolution: "morada@workspace:."
  dependencies:
    "@types/node": ^17.0.23
    typescript: ^4.6.3
  languageName: unknown
  linkType: soft

"typescript@npm:^4.6.3":
  version: 4.6.3
  resolution: "typescript@npm:4.6.3"
  bin:
    tsc: bin/tsc
    tsserver: bin/tsserver
  checksum: 255bb26c8cb846ca689dd1c3a56587af4f69055907aa2c154796ea28ee0dea871535b1c78f85a6212c77f2657843a269c3a742d09d81495b97b914bf7920415b
  languageName: node
  linkType: hard

"typescript@patch:typescript@^4.6.3#~builtin<compat/typescript>":
  version: 4.6.3
  resolution: "typescript@patch:typescript@npm%3A4.6.3#~builtin<compat/typescript>::version=4.6.3&hash=493e53"
  bin:
    tsc: bin/tsc
    tsserver: bin/tsserver
  checksum: fe6bdc1afb2f145ddb7b0a3a31f96352209f6a5704d97f038414ea22ff9d8dd42f32cfb6652e30458d7d958d2d4e85de2df11c574899c6f750a6b3c0e90a3a76
  languageName: node
  linkType: hard
